
Microsoft Visual Studio Solution File, Format Version 12.00
# Visual Studio Version 16
VisualStudioVersion = 16.0.30413.136
MinimumVisualStudioVersion = 10.0.40219.1
Project("{FAE04EC0-301F-11D3-BF4B-00C04F79EFBC}") = "SimConnectMFS2020BugRepr", "SimConnectMFS2020BugRepr.csproj", "{C0C3B6D2-7FE7-4893-ADE4-E360F00CAACC}"
EndProject
Global
	GlobalSection(SolutionConfigurationPlatforms) = preSolution
		Debug|Any CPU = Debug|Any CPU
		Release|Any CPU = Release|Any CPU
	EndGlobalSection
	GlobalSection(ProjectConfigurationPlatforms) = postSolution
		{C0C3B6D2-7FE7-4893-ADE4-E360F00CAACC}.Debug|Any CPU.ActiveCfg = Debug|Any CPU
		{C0C3B6D2-7FE7-4893-ADE4-E360F00CAACC}.Debug|Any CPU.Build.0 = Debug|Any CPU
		{C0C3B6D2-7FE7-4893-ADE4-E360F00CAACC}.Release|Any CPU.ActiveCfg = Release|Any CPU
		{C0C3B6D2-7FE7-4893-ADE4-E360F00CAACC}.Release|Any CPU.Build.0 = Release|Any CPU
	EndGlobalSection
	GlobalSection(SolutionProperties) = preSolution
		HideSolutionNode = FALSE
	EndGlobalSection
	GlobalSection(ExtensibilityGlobals) = postSolution
		SolutionGuid = {91A24A32-B07A-46EA-BBA1-420456E2C261}
	EndGlobalSection
EndGlobal
